// !$*UTF8*$!
{
	archiveVersion = 1;
	classes = {
	};
	objectVersion = 55;
	objects = {

/* Begin PBXBuildFile section */
		AE6718B027BE9E9E00864E50 /* PlayerViewController.swift in Sources */ = {isa = PBXBuildFile; fileRef = AE6718AF27BE9E9E00864E50 /* PlayerViewController.swift */; };
		AE6718B627BEA50000864E50 /* positions.wav in Resources */ = {isa = PBXBuildFile; fileRef = AE6718B427BEA50000864E50 /* positions.wav */; };
		AE6718B927BEAC5500864E50 /* BioViewController.swift in Sources */ = {isa = PBXBuildFile; fileRef = AE6718B827BEAC5500864E50 /* BioViewController.swift */; };
		AEA2BA8A27BF0FE000129155 /* pov .wav in Resources */ = {isa = PBXBuildFile; fileRef = AEA2BA8927BF0FE000129155 /* pov .wav */; };
		AEFB713B27BD20FF0071CD07 /* AppDelegate.swift in Sources */ = {isa = PBXBuildFile; fileRef = AEFB713A27BD20FF0071CD07 /* AppDelegate.swift */; };
		AEFB713D27BD20FF0071CD07 /* SceneDelegate.swift in Sources */ = {isa = PBXBuildFile; fileRef = AEFB713C27BD20FF0071CD07 /* SceneDelegate.swift */; };
		AEFB714227BD20FF0071CD07 /* Main.storyboard in Resources */ = {isa = PBXBuildFile; fileRef = AEFB714027BD20FF0071CD07 /* Main.storyboard */; };
		AEFB714427BD21000071CD07 /* Assets.xcassets in Resources */ = {isa = PBXBuildFile; fileRef = AEFB714327BD21000071CD07 /* Assets.xcassets */; };
		AEFB714727BD21000071CD07 /* LaunchScreen.storyboard in Resources */ = {isa = PBXBuildFile; fileRef = AEFB714527BD21000071CD07 /* LaunchScreen.storyboard */; };
/* End PBXBuildFile section */

/* Begin PBXFileReference section */
		AE6718AF27BE9E9E00864E50 /* PlayerViewController.swift */ = {isa = PBXFileReference; lastKnownFileType = sourcecode.swift; path = PlayerViewController.swift; sourceTree = "<group>"; };
		AE6718B427BEA50000864E50 /* positions.wav */ = {isa = PBXFileReference; lastKnownFileType = audio.wav; path = positions.wav; sourceTree = "<group>"; };
		AE6718B827BEAC5500864E50 /* BioViewController.swift */ = {isa = PBXFileReference; lastKnownFileType = sourcecode.swift; path = BioViewController.swift; sourceTree = "<group>"; };
		AEA2BA8927BF0FE000129155 /* pov .wav */ = {isa = PBXFileReference; lastKnownFileType = audio.wav; path = "pov .wav"; sourceTree = "<group>"; };
		AEFB713727BD20FF0071CD07 /* My Player.app */ = {isa = PBXFileReference; explicitFileType = wrapper.application; includeInIndex = 0; path = "My Player.app"; sourceTree = BUILT_PRODUCTS_DIR; };
		AEFB713A27BD20FF0071CD07 /* AppDelegate.swift */ = {isa = PBXFileReference; lastKnownFileType = sourcecode.swift; path = AppDelegate.swift; sourceTree = "<group>"; };
		AEFB713C27BD20FF0071CD07 /* SceneDelegate.swift */ = {isa = PBXFileReference; lastKnownFileType = sourcecode.swift; path = SceneDelegate.swift; sourceTree = "<group>"; };
		AEFB714127BD20FF0071CD07 /* Base */ = {isa = PBXFileReference; lastKnownFileType = file.storyboard; name = Base; path = Base.lproj/Main.storyboard; sourceTree = "<group>"; };
		AEFB714327BD21000071CD07 /* Assets.xcassets */ = {isa = PBXFileReference; lastKnownFileType = folder.assetcatalog; path = Assets.xcassets; sourceTree = "<group>"; };
		AEFB714627BD21000071CD07 /* Base */ = {isa = PBXFileReference; lastKnownFileType = file.storyboard; name = Base; path = Base.lproj/LaunchScreen.storyboard; sourceTree = "<group>"; };
		AEFB714827BD21000071CD07 /* Info.plist */ = {isa = PBXFileReference; lastKnownFileType = text.plist.xml; path = Info.plist; sourceTree = "<group>"; };
/* End PBXFileReference section */

/* Begin PBXFrameworksBuildPhase section */
		AEFB713427BD20FF0071CD07 /* Frameworks */ = {
			isa = PBXFrameworksBuildPhase;
			buildActionMask = 2147483647;
			files = (
			);
			runOnlyForDeploymentPostprocessing = 0;
		};
/* End PBXFrameworksBuildPhase section */

/* Begin PBXGroup section */
		AE6718B327BEA4E900864E50 /* sounds */ = {
			isa = PBXGroup;
			children = (
				AE6718B427BEA50000864E50 /* positions.wav */,
				AEA2BA8927BF0FE000129155 /* pov .wav */,
			);
			path = sounds;
			sourceTree = "<group>";
		};
		AEFB712E27BD20FF0071CD07 = {
			isa = PBXGroup;
			children = (
				AEFB713927BD20FF0071CD07 /* My Player */,
				AEFB713827BD20FF0071CD07 /* Products */,
			);
			sourceTree = "<group>";
		};
		AEFB713827BD20FF0071CD07 /* Products */ = {
			isa = PBXGroup;
			children = (
				AEFB713727BD20FF0071CD07 /* My Player.app */,
			);
			name = Products;
			sourceTree = "<group>";
		};
		AEFB713927BD20FF0071CD07 /* My Player */ = {
			isa = PBXGroup;
			children = (
				AEFB713A27BD20FF0071CD07 /* AppDelegate.swift */,
				AE6718B827BEAC5500864E50 /* BioViewController.swift */,
				AEFB713C27BD20FF0071CD07 /* SceneDelegate.swift */,
				AE6718AF27BE9E9E00864E50 /* PlayerViewController.swift */,
				AEFB714027BD20FF0071CD07 /* Main.storyboard */,
				AEFB714327BD21000071CD07 /* Assets.xcassets */,
				AEFB714527BD21000071CD07 /* LaunchScreen.storyboard */,
				AEFB714827BD21000071CD07 /* Info.plist */,
				AE6718B327BEA4E900864E50 /* sounds */,
			);
			path = "My Player";
			sourceTree = "<group>";
		};
/* End PBXGroup section */

/* Begin PBXNativeTarget section */
		AEFB713627BD20FF0071CD07 /* My Player */ = {
			isa = PBXNativeTarget;
			buildConfigurationList = AEFB714B27BD21000071CD07 /* Build configuration list for PBXNativeTarget "My Player" */;
			buildPhases = (
				AEFB713327BD20FF0071CD07 /* Sources */,
				AEFB713427BD20FF0071CD07 /* Frameworks */,
				AEFB713527BD20FF0071CD07 /* Resources */,
			);
			buildRules = (
			);
			dependencies = (
			);
			name = "My Player";
			productName = "My Player";
			productReference = AEFB713727BD20FF0071CD07 /* My Player.app */;
			productType = "com.apple.product-type.application";
		};
/* End PBXNativeTarget section */

/* Begin PBXProject section */
		AEFB712F27BD20FF0071CD07 /* Project object */ = {
			isa = PBXProject;
			attributes = {
				BuildIndependentTargetsInParallel = 1;
				LastSwiftUpdateCheck = 1320;
				LastUpgradeCheck = 1320;
				TargetAttributes = {
					AEFB713627BD20FF0071CD07 = {
						CreatedOnToolsVersion = 13.2.1;
					};
				};
			};
			buildConfigurationList = AEFB713227BD20FF0071CD07 /* Build configuration list for PBXProject "My Player" */;
			compatibilityVersion = "Xcode 13.0";
			developmentRegion = en;
			hasScannedForEncodings = 0;
			knownRegions = (
				en,
				Base,
			);
			mainGroup = AEFB712E27BD20FF0071CD07;
			productRefGroup = AEFB713827BD20FF0071CD07 /* Products */;
			projectDirPath = "";
			projectRoot = "";
			targets = (
				AEFB713627BD20FF0071CD07 /* My Player */,
			);
		};
/* End PBXProject section */

/* Begin PBXResourcesBuildPhase section */
		AEFB713527BD20FF0071CD07 /* Resources */ = {
			isa = PBXResourcesBuildPhase;
			buildActionMask = 2147483647;
			files = (
				AEA2BA8A27BF0FE000129155 /* pov .wav in Resources */,
				AEFB714727BD21000071CD07 /* LaunchScreen.storyboard in Resources */,
				AE6718B627BEA50000864E50 /* positions.wav in Resources */,
				AEFB714427BD21000071CD07 /* Assets.xcassets in Resources */,
				AEFB714227BD20FF0071CD07 /* Main.storyboard in Resources */,
			);
			runOnlyForDeploymentPostprocessing = 0;
		};
/* End PBXResourcesBuildPhase section */

/* Begin PBXSourcesBuildPhase section */
		AEFB713327BD20FF0071CD07 /* Sources */ = {
			isa = PBXSourcesBuildPhase;
			buildActionMask = 2147483647;
			files = (
				AEFB713B27BD20FF0071CD07 /* AppDelegate.swift in Sources */,
				AEFB713D27BD20FF0071CD07 /* SceneDelegate.swift in Sources */,
				AE6718B027BE9E9E00864E50 /* PlayerViewController.swift in Sources */,
				AE6718B927BEAC5500864E50 /* BioViewController.swift in Sources */,
			);
			runOnlyForDeploymentPostprocessing = 0;
		};
/* End PBXSourcesBuildPhase section */

/* Begin PBXVariantGroup section */
		AEFB714027BD20FF0071CD07 /* Main.storyboard */ = {
			isa = PBXVariantGroup;
			children = (
				AEFB714127BD20FF0071CD07 /* Base */,
			);
			name = Main.storyboard;
			sourceTree = "<group>";
		};
		AEFB714527BD21000071CD07 /* LaunchScreen.storyboard */ = {
			isa = PBXVariantGroup;
			children = (
				AEFB714627BD21000071CD07 /* Base */,
			);
			name = LaunchScreen.storyboard;
			sourceTree = "<group>";
		};
/* End PBXVariantGroup section */

/* Begin XCBuildConfiguration section */
		AEFB714927BD21000071CD07 /* Debug */ = {
			isa = XCBuildConfiguration;
			buildSettings = {
				ALWAYS_SEARCH_USER_PATHS = NO;
				CLANG_ANALYZER_NONNULL = YES;
				CLANG_ANALYZER_NUMBER_OBJECT_CONVERSION = YES_AGGRESSIVE;
				CLANG_CXX_LANGUAGE_STANDARD = "gnu++17";
				CLANG_CXX_LIBRARY = "libc++";
				CLANG_ENABLE_MODULES = YES;
				CLANG_ENABLE_OBJC_ARC = YES;
				CLANG_ENABLE_OBJC_WEAK = YES;
				CLANG_WARN_BLOCK_CAPTURE_AUTORELEASING = YES;
				CLANG_WARN_BOOL_CONVERSION = YES;
				CLANG_WARN_COMMA = YES;
				CLANG_WARN_CONSTANT_CONVERSION = YES;
				CLANG_WARN_DEPRECATED_OBJC_IMPLEMENTATIONS = YES;
				CLANG_WARN_DIRECT_OBJC_ISA_USAGE = YES_ERROR;
				CLANG_WARN_DOCUMENTATION_COMMENTS = YES;
				CLANG_WARN_EMPTY_BODY = YES;
				CLANG_WARN_ENUM_CONVERSION = YES;
				CLANG_WARN_INFINITE_RECURSION = YES;
				CLANG_WARN_INT_CONVERSION = YES;
				CLANG_WARN_NON_LITERAL_NULL_CONVERSION = YES;
				CLANG_WARN_OBJC_IMPLICIT_RETAIN_SELF = YES;
				CLANG_WARN_OBJC_LITERAL_CONVERSION = YES;
				CLANG_WARN_OBJC_ROOT_CLASS = YES_ERROR;
				CLANG_WARN_QUOTED_INCLUDE_IN_FRAMEWORK_HEADER = YES;
				CLANG_WARN_RANGE_LOOP_ANALYSIS = YES;
				CLANG_WARN_STRICT_PROTOTYPES = YES;
				CLANG_WARN_SUSPICIOUS_MOVE = YES;
				CLANG_WARN_UNGUARDED_AVAILABILITY = YES_AGGRESSIVE;
				CLANG_WARN_UNREACHABLE_CODE = YES;
				CLANG_WARN__DUPLICATE_METHOD_MATCH = YES;
				COPY_PHASE_STRIP = NO;
				DEBUG_INFORMATION_FORMAT = dwarf;
				ENABLE_STRICT_OBJC_MSGSEND = YES;
				ENABLE_TESTABILITY = YES;
				GCC_C_LANGUAGE_STANDARD = gnu11;
				GCC_DYNAMIC_NO_PIC = NO;
				GCC_NO_COMMON_BLOCKS = YES;
				GCC_OPTIMIZATION_LEVEL = 0;
				GCC_PREPROCESSOR_DEFINITIONS = (
					"DEBUG=1",
					"$(inherited)",
				);
				GCC_WARN_64_TO_32_BIT_CONVERSION = YES;
				GCC_WARN_ABOUT_RETURN_TYPE = YES_ERROR;
				GCC_WARN_UNDECLARED_SELECTOR = YES;
				GCC_WARN_UNINITIALIZED_AUTOS = YES_AGGRESSIVE;
				GCC_WARN_UNUSED_FUNCTION = YES;
				GCC_WARN_UNUSED_VARIABLE = YES;
				IPHONEOS_DEPLOYMENT_TARGET = 15.2;
				MTL_ENABLE_DEBUG_INFO = INCLUDE_SOURCE;
				MTL_FAST_MATH = YES;
				ONLY_ACTIVE_ARCH = YES;
				SDKROOT = iphoneos;
				SWIFT_ACTIVE_COMPILATION_CONDITIONS = DEBUG;
				SWIFT_OPTIMIZATION_LEVEL = "-Onone";
			};
			name = Debug;
		};
		AEFB714A27BD21000071CD07 /* Release */ = {
			isa = XCBuildConfiguration;
			buildSettings = {
				ALWAYS_SEARCH_USER_PATHS = NO;
				CLANG_ANALYZER_NONNULL = YES;
				CLANG_ANALYZER_NUMBER_OBJECT_CONVERSION = YES_AGGRESSIVE;
				CLANG_CXX_LANGUAGE_STANDARD = "gnu++17";
				CLANG_CXX_LIBRARY = "libc++";
				CLANG_ENABLE_MODULES = YES;
				CLANG_ENABLE_OBJC_ARC = YES;
				CLANG_ENABLE_OBJC_WEAK = YES;
				CLANG_WARN_BLOCK_CAPTURE_AUTORELEASING = YES;
				CLANG_WARN_BOOL_CONVERSION = YES;
				CLANG_WARN_COMMA = YES;
				CLANG_WARN_CONSTANT_CONVERSION = YES;
				CLANG_WARN_DEPRECATED_OBJC_IMPLEMENTATIONS = YES;
				CLANG_WARN_DIRECT_OBJC_ISA_USAGE = YES_ERROR;
				CLANG_WARN_DOCUMENTATION_COMMENTS = YES;
				CLANG_WARN_EMPTY_BODY = YES;
				CLANG_WARN_ENUM_CONVERSION = YES;
				CLANG_WARN_INFINITE_RECURSION = YES;
				CLANG_WARN_INT_CONVERSION = YES;
				CLANG_WARN_NON_LITERAL_NULL_CONVERSION = YES;
				CLANG_WARN_OBJC_IMPLICIT_RETAIN_SELF = YES;
				CLANG_WARN_OBJC_LITERAL_CONVERSION = YES;
				CLANG_WARN_OBJC_ROOT_CLASS = YES_ERROR;
				CLANG_WARN_QUOTED_INCLUDE_IN_FRAMEWORK_HEADER = YES;
				CLANG_WARN_RANGE_LOOP_ANALYSIS = YES;
				CLANG_WARN_STRICT_PROTOTYPES = YES;
				CLANG_WARN_SUSPICIOUS_MOVE = YES;
				CLANG_WARN_UNGUARDED_AVAILABILITY = YES_AGGRESSIVE;
				CLANG_WARN_UNREACHABLE_CODE = YES;
				CLANG_WARN__DUPLICATE_METHOD_MATCH = YES;
				COPY_PHASE_STRIP = NO;
				DEBUG_INFORMATION_FORMAT = "dwarf-with-dsym";
				ENABLE_NS_ASSERTIONS = NO;
				ENABLE_STRICT_OBJC_MSGSEND = YES;
				GCC_C_LANGUAGE_STANDARD = gnu11;
				GCC_NO_COMMON_BLOCKS = YES;
				GCC_WARN_64_TO_32_BIT_CONVERSION = YES;
				GCC_WARN_ABOUT_RETURN_TYPE = YES_ERROR;
				GCC_WARN_UNDECLARED_SELECTOR = YES;
				GCC_WARN_UNINITIALIZED_AUTOS = YES_AGGRESSIVE;
				GCC_WARN_UNUSED_FUNCTION = YES;
				GCC_WARN_UNUSED_VARIABLE = YES;
				IPHONEOS_DEPLOYMENT_TARGET = 15.2;
				MTL_ENABLE_DEBUG_INFO = NO;
				MTL_FAST_MATH = YES;
				SDKROOT = iphoneos;
				SWIFT_COMPILATION_MODE = wholemodule;
				SWIFT_OPTIMIZATION_LEVEL = "-O";
				VALIDATE_PRODUCT = YES;
			};
			name = Release;
		};
		AEFB714C27BD21000071CD07 /* Debug */ = {
			isa = XCBuildConfiguration;
			buildSettings = {
				ASSETCATALOG_COMPILER_APPICON_NAME = AppIcon;
				ASSETCATALOG_COMPILER_GLOBAL_ACCENT_COLOR_NAME = AccentColor;
				CODE_SIGN_STYLE = Automatic;
				CURRENT_PROJECT_VERSION = 1;
				GENERATE_INFOPLIST_FILE = YES;
				INFOPLIST_FILE = "My Player/Info.plist";
				INFOPLIST_KEY_UIApplicationSupportsIndirectInputEvents = YES;
				INFOPLIST_KEY_UILaunchStoryboardName = LaunchScreen;
				INFOPLIST_KEY_UIMainStoryboardFile = Main;
				INFOPLIST_KEY_UISupportedInterfaceOrientations_iPad = "UIInterfaceOrientationPortrait UIInterfaceOrientationPortraitUpsideDown UIInterfaceOrientationLandscapeLeft UIInterfaceOrientationLandscapeRight";
				INFOPLIST_KEY_UISupportedInterfaceOrientations_iPhone = "UIInterfaceOrientationPortrait UIInterfaceOrientationLandscapeLeft UIInterfaceOrientationLandscapeRight";
				LD_RUNPATH_SEARCH_PATHS = (
					"$(inherited)",
					"@executable_path/Frameworks",
				);
				MARKETING_VERSION = 1.0;
				PRODUCT_BUNDLE_IDENTIFIER = "com.andressasantos.My-Player";
				PRODUCT_NAME = "$(TARGET_NAME)";
				SWIFT_EMIT_LOC_STRINGS = YES;
				SWIFT_VERSION = 5.0;
				TARGETED_DEVICE_FAMILY = "1,2";
			};
			name = Debug;
		};
		AEFB714D27BD21000071CD07 /* Release */ = {
			isa = XCBuildConfiguration;
			buildSettings = {
				ASSETCATALOG_COMPILER_APPICON_NAME = AppIcon;
				ASSETCATALOG_COMPILER_GLOBAL_ACCENT_COLOR_NAME = AccentColor;
				CODE_SIGN_STYLE = Automatic;
				CURRENT_PROJECT_VERSION = 1;
				GENERATE_INFOPLIST_FILE = YES;
				INFOPLIST_FILE = "My Player/Info.plist";
				INFOPLIST_KEY_UIApplicationSupportsIndirectInputEvents = YES;
				INFOPLIST_KEY_UILaunchStoryboardName = LaunchScreen;
				INFOPLIST_KEY_UIMainStoryboardFile = Main;
				INFOPLIST_KEY_UISupportedInterfaceOrientations_iPad = "UIInterfaceOrientationPortrait UIInterfaceOrientationPortraitUpsideDown UIInterfaceOrientationLandscapeLeft UIInterfaceOrientationLandscapeRight";
				INFOPLIST_KEY_UISupportedInterfaceOrientations_iPhone = "UIInterfaceOrientationPortrait UIInterfaceOrientationLandscapeLeft UIInterfaceOrientationLandscapeRight";
				LD_RUNPATH_SEARCH_PATHS = (
					"$(inherited)",
					"@executable_path/Frameworks",
				);
				MARKETING_VERSION = 1.0;
				PRODUCT_BUNDLE_IDENTIFIER = "com.andressasantos.My-Player";
				PRODUCT_NAME = "$(TARGET_NAME)";
				SWIFT_EMIT_LOC_STRINGS = YES;
				SWIFT_VERSION = 5.0;
				TARGETED_DEVICE_FAMILY = "1,2";
			};
			name = Release;
		};
/* End XCBuildConfiguration section */

/* Begin XCConfigurationList section */
		AEFB713227BD20FF0071CD07 /* Build configuration list for PBXProject "My Player" */ = {
			isa = XCConfigurationList;
			buildConfigurations = (
				AEFB714927BD21000071CD07 /* Debug */,
				AEFB714A27BD21000071CD07 /* Release */,
			);
			defaultConfigurationIsVisible = 0;
			defaultConfigurationName = Release;
		};
		AEFB714B27BD21000071CD07 /* Build configuration list for PBXNativeTarget "My Player" */ = {
			isa = XCConfigurationList;
			buildConfigurations = (
				AEFB714C27BD21000071CD07 /* Debug */,
				AEFB714D27BD21000071CD07 /* Release */,
			);
			defaultConfigurationIsVisible = 0;
			defaultConfigurationName = Release;
		};
/* End XCConfigurationList section */
	};
	rootObject = AEFB712F27BD20FF0071CD07 /* Project object */;
}
